
Microsoft Visual Studio Solution File, Format Version 12.00
# Visual Studio Version 17
VisualStudioVersion = 17.7.34202.233
MinimumVisualStudioVersion = 10.0.40219.1
Project("{F184B08F-C81C-45F6-A57F-5ABD9991F28F}") = "QuizForm", "QuizForm\QuizForm.vbproj", "{3C1D357B-7A3E-44B1-B5D3-2E2FED7F89F5}"
EndProject
Global
	GlobalSection(SolutionConfigurationPlatforms) = preSolution
		Debug|Any CPU = Debug|Any CPU
		Release|Any CPU = Release|Any CPU
	EndGlobalSection
	GlobalSection(ProjectConfigurationPlatforms) = postSolution
		{3C1D357B-7A3E-44B1-B5D3-2E2FED7F89F5}.Debug|Any CPU.ActiveCfg = Debug|Any CPU
		{3C1D357B-7A3E-44B1-B5D3-2E2FED7F89F5}.Debug|Any CPU.Build.0 = Debug|Any CPU
		{3C1D357B-7A3E-44B1-B5D3-2E2FED7F89F5}.Release|Any CPU.ActiveCfg = Release|Any CPU
		{3C1D357B-7A3E-44B1-B5D3-2E2FED7F89F5}.Release|Any CPU.Build.0 = Release|Any CPU
	EndGlobalSection
	GlobalSection(SolutionProperties) = preSolution
		HideSolutionNode = FALSE
	EndGlobalSection
	GlobalSection(ExtensibilityGlobals) = postSolution
		SolutionGuid = {3AA94998-F726-4301-A964-19BD2F007054}
	EndGlobalSection
EndGlobal
